
Microsoft Visual Studio Solution File, Format Version 12.00
# Visual Studio Version 17
VisualStudioVersion = 17.0.31903.59
MinimumVisualStudioVersion = 10.0.40219.1
Project("{2150E333-8FDC-42A3-9474-1A3956D46DE8}") = "_runner", "_runner", "{69FDAF61-E1C4-80B1-E29E-28919E86A03D}"
EndProject
Project("{FAE04EC0-301F-11D3-BF4B-00C04F79EFBC}") = "runner", "_runner\runner.csproj", "{33848A7F-0DFF-46AC-8AB1-0DC4CE42DCA2}"
EndProject
Global
	GlobalSection(SolutionConfigurationPlatforms) = preSolution
		Debug|Any CPU = Debug|Any CPU
		Debug|x64 = Debug|x64
		Debug|x86 = Debug|x86
		Release|Any CPU = Release|Any CPU
		Release|x64 = Release|x64
		Release|x86 = Release|x86
	EndGlobalSection
	GlobalSection(ProjectConfigurationPlatforms) = postSolution
		{33848A7F-0DFF-46AC-8AB1-0DC4CE42DCA2}.Debug|Any CPU.ActiveCfg = Debug|Any CPU
		{33848A7F-0DFF-46AC-8AB1-0DC4CE42DCA2}.Debug|Any CPU.Build.0 = Debug|Any CPU
		{33848A7F-0DFF-46AC-8AB1-0DC4CE42DCA2}.Debug|x64.ActiveCfg = Debug|Any CPU
		{33848A7F-0DFF-46AC-8AB1-0DC4CE42DCA2}.Debug|x64.Build.0 = Debug|Any CPU
		{33848A7F-0DFF-46AC-8AB1-0DC4CE42DCA2}.Debug|x86.ActiveCfg = Debug|Any CPU
		{33848A7F-0DFF-46AC-8AB1-0DC4CE42DCA2}.Debug|x86.Build.0 = Debug|Any CPU
		{33848A7F-0DFF-46AC-8AB1-0DC4CE42DCA2}.Release|Any CPU.ActiveCfg = Release|Any CPU
		{33848A7F-0DFF-46AC-8AB1-0DC4CE42DCA2}.Release|Any CPU.Build.0 = Release|Any CPU
		{33848A7F-0DFF-46AC-8AB1-0DC4CE42DCA2}.Release|x64.ActiveCfg = Release|Any CPU
		{33848A7F-0DFF-46AC-8AB1-0DC4CE42DCA2}.Release|x64.Build.0 = Release|Any CPU
		{33848A7F-0DFF-46AC-8AB1-0DC4CE42DCA2}.Release|x86.ActiveCfg = Release|Any CPU
		{33848A7F-0DFF-46AC-8AB1-0DC4CE42DCA2}.Release|x86.Build.0 = Release|Any CPU
	EndGlobalSection
	GlobalSection(SolutionProperties) = preSolution
		HideSolutionNode = FALSE
	EndGlobalSection
	GlobalSection(NestedProjects) = preSolution
		{33848A7F-0DFF-46AC-8AB1-0DC4CE42DCA2} = {69FDAF61-E1C4-80B1-E29E-28919E86A03D}
	EndGlobalSection
	GlobalSection(ExtensibilityGlobals) = postSolution
		SolutionGuid = {9350730E-8A2D-434C-AF31-3FE678A25501}
	EndGlobalSection
EndGlobal
